
Microsoft Visual Studio Solution File, Format Version 12.00
# Visual Studio Version 16
VisualStudioVersion = 16.0.30611.23
MinimumVisualStudioVersion = 10.0.40219.1
Project("{FAE04EC0-301F-11D3-BF4B-00C04F79EFBC}") = "yazGel1v1", "yazGel1v1\yazGel1v1.csproj", "{B6F401B7-6EDC-4D6E-856B-B29A36107C24}"
EndProject
Global
	GlobalSection(SolutionConfigurationPlatforms) = preSolution
		Debug|Any CPU = Debug|Any CPU
		Release|Any CPU = Release|Any CPU
	EndGlobalSection
	GlobalSection(ProjectConfigurationPlatforms) = postSolution
		{B6F401B7-6EDC-4D6E-856B-B29A36107C24}.Debug|Any CPU.ActiveCfg = Debug|Any CPU
		{B6F401B7-6EDC-4D6E-856B-B29A36107C24}.Debug|Any CPU.Build.0 = Debug|Any CPU
		{B6F401B7-6EDC-4D6E-856B-B29A36107C24}.Release|Any CPU.ActiveCfg = Release|Any CPU
		{B6F401B7-6EDC-4D6E-856B-B29A36107C24}.Release|Any CPU.Build.0 = Release|Any CPU
	EndGlobalSection
	GlobalSection(SolutionProperties) = preSolution
		HideSolutionNode = FALSE
	EndGlobalSection
	GlobalSection(ExtensibilityGlobals) = postSolution
		SolutionGuid = {84C72641-85BF-4385-9F07-0E019FB3C9E4}
	EndGlobalSection
EndGlobal
